// !$*UTF8*$!
{
	archiveVersion = 1;
	classes = {
	};
	objectVersion = 46;
	objects = {

/* Begin PBXBuildFile section */
		0FB54EFC1EC64E4E00927DB3 /* MEWDo.mm in Sources */ = {isa = PBXBuildFile; fileRef = 0FB54EFA1EC64E4E00927DB3 /* MEWDo.mm */; };
/* End PBXBuildFile section */

/* Begin PBXFileReference section */
		0F44D80A1EC652C6006BFD43 /* Info.plist */ = {isa = PBXFileReference; lastKnownFileType = text.plist.xml; path = Info.plist; sourceTree = "<group>"; };
		0FB54EFA1EC64E4E00927DB3 /* MEWDo.mm */ = {isa = PBXFileReference; fileEncoding = 4; lastKnownFileType = sourcecode.cpp.objcpp; path = MEWDo.mm; sourceTree = "<group>"; };
		0FB54EFB1EC64E4E00927DB3 /* MenesFunction.h */ = {isa = PBXFileReference; fileEncoding = 4; lastKnownFileType = sourcecode.c.h; path = MenesFunction.h; sourceTree = "<group>"; };
		0FB54EFD1EC64E9800927DB3 /* launch.h */ = {isa = PBXFileReference; fileEncoding = 4; lastKnownFileType = sourcecode.c.h; path = launch.h; sourceTree = "<group>"; };
/* End PBXFileReference section */

/* Begin PBXFrameworksBuildPhase section */
		0FB54EE61EC64E2500927DB3 /* Frameworks */ = {
			isa = PBXFrameworksBuildPhase;
			buildActionMask = 2147483647;
			files = (
			);
			runOnlyForDeploymentPostprocessing = 0;
		};
/* End PBXFrameworksBuildPhase section */

/* Begin PBXGroup section */
		0FB54EE01EC64E2500927DB3 = {
			isa = PBXGroup;
			children = (
				0FB54EE91EC64E2500927DB3 /* MEWDo */,
			);
			sourceTree = "<group>";
		};
		0FB54EE91EC64E2500927DB3 /* MEWDo */ = {
			isa = PBXGroup;
			children = (
				0F44D80A1EC652C6006BFD43 /* Info.plist */,
				0FB54EFD1EC64E9800927DB3 /* launch.h */,
				0FB54EFA1EC64E4E00927DB3 /* MEWDo.mm */,
				0FB54EFB1EC64E4E00927DB3 /* MenesFunction.h */,
			);
			path = MEWDo;
			sourceTree = "<group>";
		};
/* End PBXGroup section */

/* Begin PBXNativeTarget section */
		0FB54EE81EC64E2500927DB3 /* MEWDo */ = {
			isa = PBXNativeTarget;
			buildConfigurationList = 0FB54EF71EC64E2500927DB3 /* Build configuration list for PBXNativeTarget "MEWDo" */;
			buildPhases = (
				0FB54EE51EC64E2500927DB3 /* Sources */,
				0FB54EE61EC64E2500927DB3 /* Frameworks */,
				0F44D80C1EC65332006BFD43 /* ShellScript */,
			);
			buildRules = (
			);
			dependencies = (
			);
			name = MEWDo;
			productName = MEWDo;
			productType = "com.apple.product-type.application";
		};
/* End PBXNativeTarget section */

/* Begin PBXProject section */
		0FB54EE11EC64E2500927DB3 /* Project object */ = {
			isa = PBXProject;
			attributes = {
				LastUpgradeCheck = 0830;
				TargetAttributes = {
					0FB54EE81EC64E2500927DB3 = {
						CreatedOnToolsVersion = 8.3.1;
						DevelopmentTeam = GXZ23M5TP2;
						ProvisioningStyle = Automatic;
					};
				};
			};
			buildConfigurationList = 0FB54EE41EC64E2500927DB3 /* Build configuration list for PBXProject "MEWDo" */;
			compatibilityVersion = "Xcode 3.2";
			developmentRegion = English;
			hasScannedForEncodings = 0;
			knownRegions = (
				en,
			);
			mainGroup = 0FB54EE01EC64E2500927DB3;
			projectDirPath = "";
			projectRoot = "";
			targets = (
				0FB54EE81EC64E2500927DB3 /* MEWDo */,
			);
		};
/* End PBXProject section */

/* Begin PBXShellScriptBuildPhase section */
		0F44D80C1EC65332006BFD43 /* ShellScript */ = {
			isa = PBXShellScriptBuildPhase;
			buildActionMask = 2147483647;
			files = (
			);
			inputPaths = (
			);
			outputPaths = (
			);
			runOnlyForDeploymentPostprocessing = 0;
			shellPath = /bin/sh;
			shellScript = "ssh root@127.0.0.1 -p 2222 mkdir -p /Applications/MewApp.app\nscp -P 2222 ${BUILT_PRODUCTS_DIR}/MEWDo.app/MEWDo root@127.0.0.1:/Applications/MewApp.app\nssh root@127.0.0.1 -p 2222 chmod a+s /Applications/MewApp.app/MEWDo\n";
		};
/* End PBXShellScriptBuildPhase section */

/* Begin PBXSourcesBuildPhase section */
		0FB54EE51EC64E2500927DB3 /* Sources */ = {
			isa = PBXSourcesBuildPhase;
			buildActionMask = 2147483647;
			files = (
				0FB54EFC1EC64E4E00927DB3 /* MEWDo.mm in Sources */,
			);
			runOnlyForDeploymentPostprocessing = 0;
		};
/* End PBXSourcesBuildPhase section */

/* Begin XCBuildConfiguration section */
		0FB54EF51EC64E2500927DB3 /* Debug */ = {
			isa = XCBuildConfiguration;
			buildSettings = {
				COPY_PHASE_STRIP = NO;
				EXCLUDED_RECURSIVE_SEARCH_PATH_SUBDIRECTORIES = "*.nib *.lproj *.gch (*) .DS_Store CVS .svn .git .hg *.xcodeproj *.xcode *.pbproj *.pbxproj";
				FRAMEWORK_SEARCH_PATHS = (
					"$(iOSOpenDevPath)/frameworks/**",
					"$(SDKROOT)/System/Library/PrivateFrameworks",
				);
				GCC_C_LANGUAGE_STANDARD = c11;
				GCC_DYNAMIC_NO_PIC = NO;
				GCC_OPTIMIZATION_LEVEL = 0;
				GCC_PREPROCESSOR_DEFINITIONS = (
					"DEBUG=1",
					"$(inherited)",
				);
				GCC_SYMBOLS_PRIVATE_EXTERN = NO;
				GCC_WARN_ABOUT_MISSING_PROTOTYPES = YES;
				GCC_WARN_ABOUT_RETURN_TYPE = YES;
				GCC_WARN_UNUSED_VARIABLE = YES;
				HEADER_SEARCH_PATHS = "$(iOSOpenDevPath)/include/**";
				IPHONEOS_DEPLOYMENT_TARGET = 7.0;
				LIBRARY_SEARCH_PATHS = "$(iOSOpenDevPath)/lib/**";
				MACH_O_TYPE = mh_execute;
				ONLY_ACTIVE_ARCH = NO;
				SDKROOT = iphoneos;
				TARGETED_DEVICE_FAMILY = "1,2";
				VALIDATE_PRODUCT = NO;
				VALID_ARCHS = "arm64 armv7";
				iOSOpenDevPath = /opt/iOSOpenDev;
			};
			name = Debug;
		};
		0FB54EF61EC64E2500927DB3 /* Release */ = {
			isa = XCBuildConfiguration;
			buildSettings = {
				COPY_PHASE_STRIP = YES;
				EXCLUDED_RECURSIVE_SEARCH_PATH_SUBDIRECTORIES = "*.nib *.lproj *.gch (*) .DS_Store CVS .svn .git .hg *.xcodeproj *.xcode *.pbproj *.pbxproj";
				FRAMEWORK_SEARCH_PATHS = (
					"$(iOSOpenDevPath)/frameworks/**",
					"$(SDKROOT)/System/Library/PrivateFrameworks",
				);
				GCC_C_LANGUAGE_STANDARD = c11;
				GCC_WARN_ABOUT_MISSING_PROTOTYPES = YES;
				GCC_WARN_ABOUT_RETURN_TYPE = YES;
				GCC_WARN_UNUSED_VARIABLE = YES;
				HEADER_SEARCH_PATHS = "$(iOSOpenDevPath)/include/**";
				IPHONEOS_DEPLOYMENT_TARGET = 7.0;
				LIBRARY_SEARCH_PATHS = "$(iOSOpenDevPath)/lib/**";
				MACH_O_TYPE = mh_execute;
				ONLY_ACTIVE_ARCH = NO;
				SDKROOT = iphoneos;
				TARGETED_DEVICE_FAMILY = "1,2";
				VALIDATE_PRODUCT = YES;
				VALID_ARCHS = "arm64 armv7";
				iOSOpenDevPath = /opt/iOSOpenDev;
			};
			name = Release;
		};
		0FB54EF81EC64E2500927DB3 /* Debug */ = {
			isa = XCBuildConfiguration;
			buildSettings = {
				CLANG_CXX_LANGUAGE_STANDARD = "c++0x";
				CODE_SIGN_IDENTITY = "";
				"CODE_SIGN_IDENTITY[sdk=iphoneos*]" = "iPhone Developer";
				DEVELOPMENT_TEAM = GXZ23M5TP2;
				GCC_C_LANGUAGE_STANDARD = "compiler-default";
				INFOPLIST_FILE = "$(SRCROOT)/MEWDo/Info.plist";
				INSTALL_PATH = /usr/bin;
				IPHONEOS_DEPLOYMENT_TARGET = 7.0;
				MACH_O_TYPE = mh_execute;
				ONLY_ACTIVE_ARCH = NO;
				PRODUCT_BUNDLE_IDENTIFIER = com.darwindev.MEWDo;
				PRODUCT_NAME = "$(TARGET_NAME)";
				PROVISIONING_PROFILE_SPECIFIER = "";
				iOSOpenDevBuildPackageOnAnyBuild = NO;
				iOSOpenDevCopyOnBuild = NO;
				iOSOpenDevDevice = "";
				iOSOpenDevInstallOnAnyBuild = NO;
				iOSOpenDevInstallOnProfiling = YES;
				iOSOpenDevRespringOnInstall = YES;
				iOSOpenDevUsePackageVersionPList = YES;
			};
			name = Debug;
		};
		0FB54EF91EC64E2500927DB3 /* Release */ = {
			isa = XCBuildConfiguration;
			buildSettings = {
				CLANG_CXX_LANGUAGE_STANDARD = "c++0x";
				CODE_SIGN_IDENTITY = "";
				"CODE_SIGN_IDENTITY[sdk=iphoneos*]" = "iPhone Developer";
				DEVELOPMENT_TEAM = GXZ23M5TP2;
				GCC_C_LANGUAGE_STANDARD = "compiler-default";
				INFOPLIST_FILE = "$(SRCROOT)/MEWDo/Info.plist";
				INSTALL_PATH = /usr/bin;
				IPHONEOS_DEPLOYMENT_TARGET = 7.0;
				MACH_O_TYPE = mh_execute;
				ONLY_ACTIVE_ARCH = NO;
				PRODUCT_BUNDLE_IDENTIFIER = com.darwindev.MEWDo;
				PRODUCT_NAME = "$(TARGET_NAME)";
				PROVISIONING_PROFILE_SPECIFIER = "";
				iOSOpenDevBuildPackageOnAnyBuild = NO;
				iOSOpenDevCopyOnBuild = NO;
				iOSOpenDevDevice = "";
				iOSOpenDevInstallOnAnyBuild = NO;
				iOSOpenDevInstallOnProfiling = YES;
				iOSOpenDevRespringOnInstall = YES;
				iOSOpenDevUsePackageVersionPList = YES;
			};
			name = Release;
		};
/* End XCBuildConfiguration section */

/* Begin XCConfigurationList section */
		0FB54EE41EC64E2500927DB3 /* Build configuration list for PBXProject "MEWDo" */ = {
			isa = XCConfigurationList;
			buildConfigurations = (
				0FB54EF51EC64E2500927DB3 /* Debug */,
				0FB54EF61EC64E2500927DB3 /* Release */,
			);
			defaultConfigurationIsVisible = 0;
			defaultConfigurationName = Release;
		};
		0FB54EF71EC64E2500927DB3 /* Build configuration list for PBXNativeTarget "MEWDo" */ = {
			isa = XCConfigurationList;
			buildConfigurations = (
				0FB54EF81EC64E2500927DB3 /* Debug */,
				0FB54EF91EC64E2500927DB3 /* Release */,
			);
			defaultConfigurationIsVisible = 0;
			defaultConfigurationName = Release;
		};
/* End XCConfigurationList section */
	};
	rootObject = 0FB54EE11EC64E2500927DB3 /* Project object */;
}
