// !$*UTF8*$!
{
	archiveVersion = 1;
	classes = {
	};
	objectVersion = 46;
	objects = {

/* Begin PBXBuildFile section */
		0F2E444C1EBF892E00F3A7F5 /* MEWRootViewController.m in Sources */ = {isa = PBXBuildFile; fileRef = 0F2E444B1EBF892E00F3A7F5 /* MEWRootViewController.m */; };
		0F2E44501EBF8B1500F3A7F5 /* MEWRootEntry.plist in Resources */ = {isa = PBXBuildFile; fileRef = 0F2E444F1EBF8B1500F3A7F5 /* MEWRootEntry.plist */; };
		0F3B657C1EC634F0008606F9 /* MEWOpenUDID.m in Sources */ = {isa = PBXBuildFile; fileRef = 0F3B657B1EC634F0008606F9 /* MEWOpenUDID.m */; settings = {COMPILER_FLAGS = "-fno-objc-arc"; }; };
		0F43F4471EC3B5DD00BBA182 /* libsqlite3.tbd in Frameworks */ = {isa = PBXBuildFile; fileRef = 0F43F4451EC3B5C800BBA182 /* libsqlite3.tbd */; };
		0F43F44A1EC3B7F900BBA182 /* MEWSharedUtility.m in Sources */ = {isa = PBXBuildFile; fileRef = 0F43F4491EC3B7F900BBA182 /* MEWSharedUtility.m */; };
		0F43F44C1EC3C28100BBA182 /* MEWConfigurationEntry.plist in Resources */ = {isa = PBXBuildFile; fileRef = 0F43F44B1EC3C28100BBA182 /* MEWConfigurationEntry.plist */; };
		0F4DD4551EC3837E00C22FE3 /* MEWPasteboardCell.m in Sources */ = {isa = PBXBuildFile; fileRef = 0F4DD4531EC3837E00C22FE3 /* MEWPasteboardCell.m */; };
		0F4DD4591EC3886A00C22FE3 /* MEWPasteboardViewController.m in Sources */ = {isa = PBXBuildFile; fileRef = 0F4DD4581EC3886A00C22FE3 /* MEWPasteboardViewController.m */; };
		0F4DD45B1EC38A9000C22FE3 /* MEWPasteboardCell.xib in Resources */ = {isa = PBXBuildFile; fileRef = 0F4DD45A1EC38A9000C22FE3 /* MEWPasteboardCell.xib */; };
		0F5E69141EBFD17D00F2291F /* MEWApplicationViewController.m in Sources */ = {isa = PBXBuildFile; fileRef = 0F5E69131EBFD17D00F2291F /* MEWApplicationViewController.m */; };
		0F5E69171EBFD1B200F2291F /* MEWApplicationCell.xib in Resources */ = {isa = PBXBuildFile; fileRef = 0F5E69161EBFD1B200F2291F /* MEWApplicationCell.xib */; };
		0F5E691A1EBFD1E100F2291F /* MEWApplicationCell.m in Sources */ = {isa = PBXBuildFile; fileRef = 0F5E69191EBFD1E100F2291F /* MEWApplicationCell.m */; };
		0F5E691E1EBFD25000F2291F /* UIImage+imageData.m in Sources */ = {isa = PBXBuildFile; fileRef = 0F5E691D1EBFD25000F2291F /* UIImage+imageData.m */; };
		0F5E69251EC0970500F2291F /* MEWDefaultConfiguration.plist in Resources */ = {isa = PBXBuildFile; fileRef = 0F5E69241EC0970500F2291F /* MEWDefaultConfiguration.plist */; };
		0F5E69281EC0B22F00F2291F /* MEWInsetsLabel.m in Sources */ = {isa = PBXBuildFile; fileRef = 0F5E69271EC0B22F00F2291F /* MEWInsetsLabel.m */; };
		0F5E692B1EC0C04000F2291F /* MEWLocationViewController.m in Sources */ = {isa = PBXBuildFile; fileRef = 0F5E692A1EC0C04000F2291F /* MEWLocationViewController.m */; };
		0F5E692E1EC0C07F00F2291F /* MapKit.framework in Frameworks */ = {isa = PBXBuildFile; fileRef = 0F5E692D1EC0C07F00F2291F /* MapKit.framework */; };
		0F5EE7601EBE753400FBA3B5 /* main.m in Sources */ = {isa = PBXBuildFile; fileRef = 0F5EE75F1EBE753400FBA3B5 /* main.m */; };
		0F5EE7631EBE753400FBA3B5 /* AppDelegate.m in Sources */ = {isa = PBXBuildFile; fileRef = 0F5EE7621EBE753400FBA3B5 /* AppDelegate.m */; };
		0F5EE7961EBE7CF300FBA3B5 /* XUIImageCell.m in Sources */ = {isa = PBXBuildFile; fileRef = 0F5EE7861EBE7CF300FBA3B5 /* XUIImageCell.m */; };
		0F5EE7971EBE7CF300FBA3B5 /* XUIListController.m in Sources */ = {isa = PBXBuildFile; fileRef = 0F5EE7891EBE7CF300FBA3B5 /* XUIListController.m */; };
		0F5EE7981EBE7CF300FBA3B5 /* XUIListItemsController.m in Sources */ = {isa = PBXBuildFile; fileRef = 0F5EE78B1EBE7CF300FBA3B5 /* XUIListItemsController.m */; };
		0F5EE7991EBE7CF300FBA3B5 /* XUIMultipleListItemsController.m in Sources */ = {isa = PBXBuildFile; fileRef = 0F5EE78D1EBE7CF300FBA3B5 /* XUIMultipleListItemsController.m */; };
		0F5EE79A1EBE7CF300FBA3B5 /* XUIOrderingListItemsController.m in Sources */ = {isa = PBXBuildFile; fileRef = 0F5EE78F1EBE7CF300FBA3B5 /* XUIOrderingListItemsController.m */; };
		0F5EE79B1EBE7CF300FBA3B5 /* XUISpecifierParser.m in Sources */ = {isa = PBXBuildFile; fileRef = 0F5EE7921EBE7CF300FBA3B5 /* XUISpecifierParser.m */; };
		0F5EE79D1EBE7D1F00FBA3B5 /* Preferences.framework in Frameworks */ = {isa = PBXBuildFile; fileRef = 0F5EE79C1EBE7D1F00FBA3B5 /* Preferences.framework */; };
		0F5EE7A11EBE821000FBA3B5 /* MewAsset.xcassets in Resources */ = {isa = PBXBuildFile; fileRef = 0F5EE7A01EBE821000FBA3B5 /* MewAsset.xcassets */; };
		0F6B76F11EC52A9F00691EAB /* MEWConfigurationViewController.m in Sources */ = {isa = PBXBuildFile; fileRef = 0F6B76EF1EC52A9F00691EAB /* MEWConfigurationViewController.m */; };
/* End PBXBuildFile section */

/* Begin PBXFileReference section */
		0F2E444A1EBF892E00F3A7F5 /* MEWRootViewController.h */ = {isa = PBXFileReference; fileEncoding = 4; lastKnownFileType = sourcecode.c.h; path = MEWRootViewController.h; sourceTree = "<group>"; };
		0F2E444B1EBF892E00F3A7F5 /* MEWRootViewController.m */ = {isa = PBXFileReference; fileEncoding = 4; lastKnownFileType = sourcecode.c.objc; path = MEWRootViewController.m; sourceTree = "<group>"; };
		0F2E444F1EBF8B1500F3A7F5 /* MEWRootEntry.plist */ = {isa = PBXFileReference; fileEncoding = 4; lastKnownFileType = text.plist.xml; path = MEWRootEntry.plist; sourceTree = "<group>"; };
		0F3B657A1EC634F0008606F9 /* MEWOpenUDID.h */ = {isa = PBXFileReference; fileEncoding = 4; lastKnownFileType = sourcecode.c.h; path = MEWOpenUDID.h; sourceTree = "<group>"; };
		0F3B657B1EC634F0008606F9 /* MEWOpenUDID.m */ = {isa = PBXFileReference; fileEncoding = 4; lastKnownFileType = sourcecode.c.objc; path = MEWOpenUDID.m; sourceTree = "<group>"; };
		0F43F4451EC3B5C800BBA182 /* libsqlite3.tbd */ = {isa = PBXFileReference; lastKnownFileType = "sourcecode.text-based-dylib-definition"; name = libsqlite3.tbd; path = usr/lib/libsqlite3.tbd; sourceTree = SDKROOT; };
		0F43F4481EC3B7F900BBA182 /* MEWSharedUtility.h */ = {isa = PBXFileReference; fileEncoding = 4; lastKnownFileType = sourcecode.c.h; path = MEWSharedUtility.h; sourceTree = "<group>"; };
		0F43F4491EC3B7F900BBA182 /* MEWSharedUtility.m */ = {isa = PBXFileReference; fileEncoding = 4; lastKnownFileType = sourcecode.c.objc; path = MEWSharedUtility.m; sourceTree = "<group>"; };
		0F43F44B1EC3C28100BBA182 /* MEWConfigurationEntry.plist */ = {isa = PBXFileReference; fileEncoding = 4; lastKnownFileType = text.plist.xml; path = MEWConfigurationEntry.plist; sourceTree = "<group>"; };
		0F44D8331EC654D5006BFD43 /* bootstrap.h */ = {isa = PBXFileReference; fileEncoding = 4; lastKnownFileType = sourcecode.c.h; path = bootstrap.h; sourceTree = "<group>"; };
		0F44D8341EC654D5006BFD43 /* CaptainHook.h */ = {isa = PBXFileReference; fileEncoding = 4; lastKnownFileType = sourcecode.c.h; path = CaptainHook.h; sourceTree = "<group>"; };
		0F44D8351EC654D5006BFD43 /* CPBitmapStore.h */ = {isa = PBXFileReference; fileEncoding = 4; lastKnownFileType = sourcecode.c.h; path = CPBitmapStore.h; sourceTree = "<group>"; };
		0F44D8361EC654D5006BFD43 /* CPDistributedMessagingCenter.h */ = {isa = PBXFileReference; fileEncoding = 4; lastKnownFileType = sourcecode.c.h; path = CPDistributedMessagingCenter.h; sourceTree = "<group>"; };
		0F44D8371EC654D5006BFD43 /* MEWConfiguration.h */ = {isa = PBXFileReference; fileEncoding = 4; lastKnownFileType = sourcecode.c.h; path = MEWConfiguration.h; sourceTree = "<group>"; };
		0F44D8381EC654D5006BFD43 /* MobileGestalt.h */ = {isa = PBXFileReference; fileEncoding = 4; lastKnownFileType = sourcecode.c.h; path = MobileGestalt.h; sourceTree = "<group>"; };
		0F44D8391EC654D5006BFD43 /* rocketbootstrap.h */ = {isa = PBXFileReference; fileEncoding = 4; lastKnownFileType = sourcecode.c.h; path = rocketbootstrap.h; sourceTree = "<group>"; };
		0F44D83A1EC654D5006BFD43 /* rocketbootstrap_dynamic.h */ = {isa = PBXFileReference; fileEncoding = 4; lastKnownFileType = sourcecode.c.h; path = rocketbootstrap_dynamic.h; sourceTree = "<group>"; };
		0F44D83B1EC654D5006BFD43 /* rocketbootstrap_internal.h */ = {isa = PBXFileReference; fileEncoding = 4; lastKnownFileType = sourcecode.c.h; path = rocketbootstrap_internal.h; sourceTree = "<group>"; };
		0F44D83C1EC654D5006BFD43 /* sandbox.h */ = {isa = PBXFileReference; fileEncoding = 4; lastKnownFileType = sourcecode.c.h; path = sandbox.h; sourceTree = "<group>"; };
		0F44D83D1EC654D5006BFD43 /* substrate.h */ = {isa = PBXFileReference; fileEncoding = 4; lastKnownFileType = sourcecode.c.h; path = substrate.h; sourceTree = "<group>"; };
		0F4DD4521EC3837E00C22FE3 /* MEWPasteboardCell.h */ = {isa = PBXFileReference; fileEncoding = 4; lastKnownFileType = sourcecode.c.h; path = MEWPasteboardCell.h; sourceTree = "<group>"; };
		0F4DD4531EC3837E00C22FE3 /* MEWPasteboardCell.m */ = {isa = PBXFileReference; fileEncoding = 4; lastKnownFileType = sourcecode.c.objc; path = MEWPasteboardCell.m; sourceTree = "<group>"; };
		0F4DD4571EC3886A00C22FE3 /* MEWPasteboardViewController.h */ = {isa = PBXFileReference; fileEncoding = 4; lastKnownFileType = sourcecode.c.h; path = MEWPasteboardViewController.h; sourceTree = "<group>"; };
		0F4DD4581EC3886A00C22FE3 /* MEWPasteboardViewController.m */ = {isa = PBXFileReference; fileEncoding = 4; lastKnownFileType = sourcecode.c.objc; path = MEWPasteboardViewController.m; sourceTree = "<group>"; };
		0F4DD45A1EC38A9000C22FE3 /* MEWPasteboardCell.xib */ = {isa = PBXFileReference; fileEncoding = 4; lastKnownFileType = file.xib; path = MEWPasteboardCell.xib; sourceTree = "<group>"; };
		0F5E69121EBFD17D00F2291F /* MEWApplicationViewController.h */ = {isa = PBXFileReference; fileEncoding = 4; lastKnownFileType = sourcecode.c.h; path = MEWApplicationViewController.h; sourceTree = "<group>"; };
		0F5E69131EBFD17D00F2291F /* MEWApplicationViewController.m */ = {isa = PBXFileReference; fileEncoding = 4; lastKnownFileType = sourcecode.c.objc; path = MEWApplicationViewController.m; sourceTree = "<group>"; };
		0F5E69161EBFD1B200F2291F /* MEWApplicationCell.xib */ = {isa = PBXFileReference; fileEncoding = 4; lastKnownFileType = file.xib; path = MEWApplicationCell.xib; sourceTree = "<group>"; };
		0F5E69181EBFD1E100F2291F /* MEWApplicationCell.h */ = {isa = PBXFileReference; fileEncoding = 4; lastKnownFileType = sourcecode.c.h; path = MEWApplicationCell.h; sourceTree = "<group>"; };
		0F5E69191EBFD1E100F2291F /* MEWApplicationCell.m */ = {isa = PBXFileReference; fileEncoding = 4; lastKnownFileType = sourcecode.c.objc; path = MEWApplicationCell.m; sourceTree = "<group>"; };
		0F5E691B1EBFD25000F2291F /* LSApplicationProxy.h */ = {isa = PBXFileReference; fileEncoding = 4; lastKnownFileType = sourcecode.c.h; path = LSApplicationProxy.h; sourceTree = "<group>"; };
		0F5E691C1EBFD25000F2291F /* UIImage+imageData.h */ = {isa = PBXFileReference; fileEncoding = 4; lastKnownFileType = sourcecode.c.h; path = "UIImage+imageData.h"; sourceTree = "<group>"; };
		0F5E691D1EBFD25000F2291F /* UIImage+imageData.m */ = {isa = PBXFileReference; fileEncoding = 4; lastKnownFileType = sourcecode.c.objc; path = "UIImage+imageData.m"; sourceTree = "<group>"; };
		0F5E69241EC0970500F2291F /* MEWDefaultConfiguration.plist */ = {isa = PBXFileReference; fileEncoding = 4; lastKnownFileType = text.plist.xml; path = MEWDefaultConfiguration.plist; sourceTree = "<group>"; };
		0F5E69261EC0B22F00F2291F /* MEWInsetsLabel.h */ = {isa = PBXFileReference; fileEncoding = 4; lastKnownFileType = sourcecode.c.h; path = MEWInsetsLabel.h; sourceTree = "<group>"; };
		0F5E69271EC0B22F00F2291F /* MEWInsetsLabel.m */ = {isa = PBXFileReference; fileEncoding = 4; lastKnownFileType = sourcecode.c.objc; path = MEWInsetsLabel.m; sourceTree = "<group>"; };
		0F5E69291EC0C04000F2291F /* MEWLocationViewController.h */ = {isa = PBXFileReference; fileEncoding = 4; lastKnownFileType = sourcecode.c.h; path = MEWLocationViewController.h; sourceTree = "<group>"; };
		0F5E692A1EC0C04000F2291F /* MEWLocationViewController.m */ = {isa = PBXFileReference; fileEncoding = 4; lastKnownFileType = sourcecode.c.objc; path = MEWLocationViewController.m; sourceTree = "<group>"; };
		0F5E692D1EC0C07F00F2291F /* MapKit.framework */ = {isa = PBXFileReference; lastKnownFileType = wrapper.framework; name = MapKit.framework; path = System/Library/Frameworks/MapKit.framework; sourceTree = SDKROOT; };
		0F5EE75B1EBE753400FBA3B5 /* MewApp.app */ = {isa = PBXFileReference; explicitFileType = wrapper.application; includeInIndex = 0; path = MewApp.app; sourceTree = BUILT_PRODUCTS_DIR; };
		0F5EE75F1EBE753400FBA3B5 /* main.m */ = {isa = PBXFileReference; lastKnownFileType = sourcecode.c.objc; path = main.m; sourceTree = "<group>"; };
		0F5EE7611EBE753400FBA3B5 /* AppDelegate.h */ = {isa = PBXFileReference; lastKnownFileType = sourcecode.c.h; path = AppDelegate.h; sourceTree = "<group>"; };
		0F5EE7621EBE753400FBA3B5 /* AppDelegate.m */ = {isa = PBXFileReference; lastKnownFileType = sourcecode.c.objc; path = AppDelegate.m; sourceTree = "<group>"; };
		0F5EE76F1EBE753400FBA3B5 /* Info.plist */ = {isa = PBXFileReference; lastKnownFileType = text.plist.xml; path = Info.plist; sourceTree = "<group>"; };
		0F5EE7821EBE7BAB00FBA3B5 /* MEWPrefixHeader.pch */ = {isa = PBXFileReference; lastKnownFileType = sourcecode.c.h; path = MEWPrefixHeader.pch; sourceTree = "<group>"; };
		0F5EE7851EBE7CF300FBA3B5 /* XUIImageCell.h */ = {isa = PBXFileReference; fileEncoding = 4; lastKnownFileType = sourcecode.c.h; path = XUIImageCell.h; sourceTree = "<group>"; };
		0F5EE7861EBE7CF300FBA3B5 /* XUIImageCell.m */ = {isa = PBXFileReference; fileEncoding = 4; lastKnownFileType = sourcecode.c.objc; path = XUIImageCell.m; sourceTree = "<group>"; };
		0F5EE7881EBE7CF300FBA3B5 /* XUIListController.h */ = {isa = PBXFileReference; fileEncoding = 4; lastKnownFileType = sourcecode.c.h; path = XUIListController.h; sourceTree = "<group>"; };
		0F5EE7891EBE7CF300FBA3B5 /* XUIListController.m */ = {isa = PBXFileReference; fileEncoding = 4; lastKnownFileType = sourcecode.c.objc; path = XUIListController.m; sourceTree = "<group>"; };
		0F5EE78A1EBE7CF300FBA3B5 /* XUIListItemsController.h */ = {isa = PBXFileReference; fileEncoding = 4; lastKnownFileType = sourcecode.c.h; path = XUIListItemsController.h; sourceTree = "<group>"; };
		0F5EE78B1EBE7CF300FBA3B5 /* XUIListItemsController.m */ = {isa = PBXFileReference; fileEncoding = 4; lastKnownFileType = sourcecode.c.objc; path = XUIListItemsController.m; sourceTree = "<group>"; };
		0F5EE78C1EBE7CF300FBA3B5 /* XUIMultipleListItemsController.h */ = {isa = PBXFileReference; fileEncoding = 4; lastKnownFileType = sourcecode.c.h; path = XUIMultipleListItemsController.h; sourceTree = "<group>"; };
		0F5EE78D1EBE7CF300FBA3B5 /* XUIMultipleListItemsController.m */ = {isa = PBXFileReference; fileEncoding = 4; lastKnownFileType = sourcecode.c.objc; path = XUIMultipleListItemsController.m; sourceTree = "<group>"; };
		0F5EE78E1EBE7CF300FBA3B5 /* XUIOrderingListItemsController.h */ = {isa = PBXFileReference; fileEncoding = 4; lastKnownFileType = sourcecode.c.h; path = XUIOrderingListItemsController.h; sourceTree = "<group>"; };
		0F5EE78F1EBE7CF300FBA3B5 /* XUIOrderingListItemsController.m */ = {isa = PBXFileReference; fileEncoding = 4; lastKnownFileType = sourcecode.c.objc; path = XUIOrderingListItemsController.m; sourceTree = "<group>"; };
		0F5EE7911EBE7CF300FBA3B5 /* XUISpecifierParser.h */ = {isa = PBXFileReference; fileEncoding = 4; lastKnownFileType = sourcecode.c.h; path = XUISpecifierParser.h; sourceTree = "<group>"; };
		0F5EE7921EBE7CF300FBA3B5 /* XUISpecifierParser.m */ = {isa = PBXFileReference; fileEncoding = 4; lastKnownFileType = sourcecode.c.objc; path = XUISpecifierParser.m; sourceTree = "<group>"; };
		0F5EE7931EBE7CF300FBA3B5 /* XUIAction.h */ = {isa = PBXFileReference; fileEncoding = 4; lastKnownFileType = sourcecode.c.h; path = XUIAction.h; sourceTree = "<group>"; };
		0F5EE7941EBE7CF300FBA3B5 /* XUICommonDefine.h */ = {isa = PBXFileReference; fileEncoding = 4; lastKnownFileType = sourcecode.c.h; path = XUICommonDefine.h; sourceTree = "<group>"; };
		0F5EE7951EBE7CF300FBA3B5 /* XUIListControllerProtocol.h */ = {isa = PBXFileReference; fileEncoding = 4; lastKnownFileType = sourcecode.c.h; path = XUIListControllerProtocol.h; sourceTree = "<group>"; };
		0F5EE79C1EBE7D1F00FBA3B5 /* Preferences.framework */ = {isa = PBXFileReference; lastKnownFileType = wrapper.framework; path = Preferences.framework; sourceTree = "<group>"; };
		0F5EE7A01EBE821000FBA3B5 /* MewAsset.xcassets */ = {isa = PBXFileReference; lastKnownFileType = folder.assetcatalog; path = MewAsset.xcassets; sourceTree = "<group>"; };
		0F6B76EB1EC5021600691EAB /* entitlements.plist */ = {isa = PBXFileReference; fileEncoding = 4; lastKnownFileType = text.plist.xml; name = entitlements.plist; path = ../entitlements.plist; sourceTree = "<group>"; };
		0F6B76EF1EC52A9F00691EAB /* MEWConfigurationViewController.m */ = {isa = PBXFileReference; fileEncoding = 4; lastKnownFileType = sourcecode.c.objc; path = MEWConfigurationViewController.m; sourceTree = "<group>"; };
		0F6B76F01EC52A9F00691EAB /* MEWConfigurationViewController.h */ = {isa = PBXFileReference; fileEncoding = 4; lastKnownFileType = sourcecode.c.h; path = MEWConfigurationViewController.h; sourceTree = "<group>"; };
/* End PBXFileReference section */

/* Begin PBXFrameworksBuildPhase section */
		0F5EE7581EBE753400FBA3B5 /* Frameworks */ = {
			isa = PBXFrameworksBuildPhase;
			buildActionMask = 2147483647;
			files = (
				0F43F4471EC3B5DD00BBA182 /* libsqlite3.tbd in Frameworks */,
				0F5E692E1EC0C07F00F2291F /* MapKit.framework in Frameworks */,
				0F5EE79D1EBE7D1F00FBA3B5 /* Preferences.framework in Frameworks */,
			);
			runOnlyForDeploymentPostprocessing = 0;
		};
/* End PBXFrameworksBuildPhase section */

/* Begin PBXGroup section */
		0F44D8321EC654D5006BFD43 /* Header */ = {
			isa = PBXGroup;
			children = (
				0F44D8331EC654D5006BFD43 /* bootstrap.h */,
				0F44D8341EC654D5006BFD43 /* CaptainHook.h */,
				0F44D8351EC654D5006BFD43 /* CPBitmapStore.h */,
				0F44D8361EC654D5006BFD43 /* CPDistributedMessagingCenter.h */,
				0F44D8371EC654D5006BFD43 /* MEWConfiguration.h */,
				0F44D8381EC654D5006BFD43 /* MobileGestalt.h */,
				0F44D8391EC654D5006BFD43 /* rocketbootstrap.h */,
				0F44D83A1EC654D5006BFD43 /* rocketbootstrap_dynamic.h */,
				0F44D83B1EC654D5006BFD43 /* rocketbootstrap_internal.h */,
				0F44D83C1EC654D5006BFD43 /* sandbox.h */,
				0F44D83D1EC654D5006BFD43 /* substrate.h */,
			);
			name = Header;
			path = ../Header;
			sourceTree = "<group>";
		};
		0F5E692C1EC0C07E00F2291F /* Frameworks */ = {
			isa = PBXGroup;
			children = (
				0F43F4451EC3B5C800BBA182 /* libsqlite3.tbd */,
				0F5E692D1EC0C07F00F2291F /* MapKit.framework */,
			);
			name = Frameworks;
			sourceTree = "<group>";
		};
		0F5EE7521EBE753300FBA3B5 = {
			isa = PBXGroup;
			children = (
				0F44D8321EC654D5006BFD43 /* Header */,
				0F5EE7A01EBE821000FBA3B5 /* MewAsset.xcassets */,
				0F5EE75D1EBE753400FBA3B5 /* MewApp */,
				0F5EE75C1EBE753400FBA3B5 /* Products */,
				0F5E692C1EC0C07E00F2291F /* Frameworks */,
			);
			sourceTree = "<group>";
		};
		0F5EE75C1EBE753400FBA3B5 /* Products */ = {
			isa = PBXGroup;
			children = (
				0F5EE75B1EBE753400FBA3B5 /* MewApp.app */,
			);
			name = Products;
			sourceTree = "<group>";
		};
		0F5EE75D1EBE753400FBA3B5 /* MewApp */ = {
			isa = PBXGroup;
			children = (
				0F5EE7831EBE7CF300FBA3B5 /* AppUI */,
				0F5EE7611EBE753400FBA3B5 /* AppDelegate.h */,
				0F5EE7621EBE753400FBA3B5 /* AppDelegate.m */,
				0F3B657A1EC634F0008606F9 /* MEWOpenUDID.h */,
				0F3B657B1EC634F0008606F9 /* MEWOpenUDID.m */,
				0F43F4481EC3B7F900BBA182 /* MEWSharedUtility.h */,
				0F43F4491EC3B7F900BBA182 /* MEWSharedUtility.m */,
				0F5E691B1EBFD25000F2291F /* LSApplicationProxy.h */,
				0F5E691C1EBFD25000F2291F /* UIImage+imageData.h */,
				0F5E691D1EBFD25000F2291F /* UIImage+imageData.m */,
				0F5E69261EC0B22F00F2291F /* MEWInsetsLabel.h */,
				0F5E69271EC0B22F00F2291F /* MEWInsetsLabel.m */,
				0F5E69161EBFD1B200F2291F /* MEWApplicationCell.xib */,
				0F5E69181EBFD1E100F2291F /* MEWApplicationCell.h */,
				0F5E69191EBFD1E100F2291F /* MEWApplicationCell.m */,
				0F5E69121EBFD17D00F2291F /* MEWApplicationViewController.h */,
				0F5E69131EBFD17D00F2291F /* MEWApplicationViewController.m */,
				0F5E69291EC0C04000F2291F /* MEWLocationViewController.h */,
				0F5E692A1EC0C04000F2291F /* MEWLocationViewController.m */,
				0F4DD45A1EC38A9000C22FE3 /* MEWPasteboardCell.xib */,
				0F4DD4521EC3837E00C22FE3 /* MEWPasteboardCell.h */,
				0F4DD4531EC3837E00C22FE3 /* MEWPasteboardCell.m */,
				0F4DD4571EC3886A00C22FE3 /* MEWPasteboardViewController.h */,
				0F4DD4581EC3886A00C22FE3 /* MEWPasteboardViewController.m */,
				0F2E444A1EBF892E00F3A7F5 /* MEWRootViewController.h */,
				0F2E444B1EBF892E00F3A7F5 /* MEWRootViewController.m */,
				0F6B76F01EC52A9F00691EAB /* MEWConfigurationViewController.h */,
				0F6B76EF1EC52A9F00691EAB /* MEWConfigurationViewController.m */,
				0F5E69241EC0970500F2291F /* MEWDefaultConfiguration.plist */,
				0F2E444F1EBF8B1500F3A7F5 /* MEWRootEntry.plist */,
				0F43F44B1EC3C28100BBA182 /* MEWConfigurationEntry.plist */,
				0F5EE75E1EBE753400FBA3B5 /* Supporting Files */,
			);
			path = MewApp;
			sourceTree = "<group>";
		};
		0F5EE75E1EBE753400FBA3B5 /* Supporting Files */ = {
			isa = PBXGroup;
			children = (
				0F5EE76F1EBE753400FBA3B5 /* Info.plist */,
				0F6B76EB1EC5021600691EAB /* entitlements.plist */,
				0F5EE75F1EBE753400FBA3B5 /* main.m */,
				0F5EE7821EBE7BAB00FBA3B5 /* MEWPrefixHeader.pch */,
			);
			name = "Supporting Files";
			sourceTree = "<group>";
		};
		0F5EE7831EBE7CF300FBA3B5 /* AppUI */ = {
			isa = PBXGroup;
			children = (
				0F5EE79C1EBE7D1F00FBA3B5 /* Preferences.framework */,
				0F5EE7841EBE7CF300FBA3B5 /* Cell */,
				0F5EE7871EBE7CF300FBA3B5 /* Controller */,
				0F5EE7901EBE7CF300FBA3B5 /* Helper */,
				0F5EE7931EBE7CF300FBA3B5 /* XUIAction.h */,
				0F5EE7941EBE7CF300FBA3B5 /* XUICommonDefine.h */,
				0F5EE7951EBE7CF300FBA3B5 /* XUIListControllerProtocol.h */,
			);
			path = AppUI;
			sourceTree = "<group>";
		};
		0F5EE7841EBE7CF300FBA3B5 /* Cell */ = {
			isa = PBXGroup;
			children = (
				0F5EE7851EBE7CF300FBA3B5 /* XUIImageCell.h */,
				0F5EE7861EBE7CF300FBA3B5 /* XUIImageCell.m */,
			);
			path = Cell;
			sourceTree = "<group>";
		};
		0F5EE7871EBE7CF300FBA3B5 /* Controller */ = {
			isa = PBXGroup;
			children = (
				0F5EE7881EBE7CF300FBA3B5 /* XUIListController.h */,
				0F5EE7891EBE7CF300FBA3B5 /* XUIListController.m */,
				0F5EE78A1EBE7CF300FBA3B5 /* XUIListItemsController.h */,
				0F5EE78B1EBE7CF300FBA3B5 /* XUIListItemsController.m */,
				0F5EE78C1EBE7CF300FBA3B5 /* XUIMultipleListItemsController.h */,
				0F5EE78D1EBE7CF300FBA3B5 /* XUIMultipleListItemsController.m */,
				0F5EE78E1EBE7CF300FBA3B5 /* XUIOrderingListItemsController.h */,
				0F5EE78F1EBE7CF300FBA3B5 /* XUIOrderingListItemsController.m */,
			);
			path = Controller;
			sourceTree = "<group>";
		};
		0F5EE7901EBE7CF300FBA3B5 /* Helper */ = {
			isa = PBXGroup;
			children = (
				0F5EE7911EBE7CF300FBA3B5 /* XUISpecifierParser.h */,
				0F5EE7921EBE7CF300FBA3B5 /* XUISpecifierParser.m */,
			);
			path = Helper;
			sourceTree = "<group>";
		};
/* End PBXGroup section */

/* Begin PBXNativeTarget section */
		0F5EE75A1EBE753400FBA3B5 /* MewApp */ = {
			isa = PBXNativeTarget;
			buildConfigurationList = 0F5EE7721EBE753400FBA3B5 /* Build configuration list for PBXNativeTarget "MewApp" */;
			buildPhases = (
				0F5EE7571EBE753400FBA3B5 /* Sources */,
				0F5EE7581EBE753400FBA3B5 /* Frameworks */,
				0F5EE7591EBE753400FBA3B5 /* Resources */,
				0F90D79A1EC300F50027424D /* ShellScript */,
			);
			buildRules = (
			);
			dependencies = (
			);
			name = MewApp;
			productName = MewApp;
			productReference = 0F5EE75B1EBE753400FBA3B5 /* MewApp.app */;
			productType = "com.apple.product-type.application";
		};
/* End PBXNativeTarget section */

/* Begin PBXProject section */
		0F5EE7531EBE753300FBA3B5 /* Project object */ = {
			isa = PBXProject;
			attributes = {
				LastUpgradeCheck = 0830;
				ORGANIZATIONNAME = Zheng;
				TargetAttributes = {
					0F5EE75A1EBE753400FBA3B5 = {
						CreatedOnToolsVersion = 8.3.1;
						DevelopmentTeam = GXZ23M5TP2;
						ProvisioningStyle = Automatic;
					};
				};
			};
			buildConfigurationList = 0F5EE7561EBE753300FBA3B5 /* Build configuration list for PBXProject "MewApp" */;
			compatibilityVersion = "Xcode 3.2";
			developmentRegion = English;
			hasScannedForEncodings = 0;
			knownRegions = (
				"zh-Hans",
			);
			mainGroup = 0F5EE7521EBE753300FBA3B5;
			productRefGroup = 0F5EE75C1EBE753400FBA3B5 /* Products */;
			projectDirPath = "";
			projectRoot = "";
			targets = (
				0F5EE75A1EBE753400FBA3B5 /* MewApp */,
			);
		};
/* End PBXProject section */

/* Begin PBXResourcesBuildPhase section */
		0F5EE7591EBE753400FBA3B5 /* Resources */ = {
			isa = PBXResourcesBuildPhase;
			buildActionMask = 2147483647;
			files = (
				0F4DD45B1EC38A9000C22FE3 /* MEWPasteboardCell.xib in Resources */,
				0F5EE7A11EBE821000FBA3B5 /* MewAsset.xcassets in Resources */,
				0F5E69251EC0970500F2291F /* MEWDefaultConfiguration.plist in Resources */,
				0F5E69171EBFD1B200F2291F /* MEWApplicationCell.xib in Resources */,
				0F43F44C1EC3C28100BBA182 /* MEWConfigurationEntry.plist in Resources */,
				0F2E44501EBF8B1500F3A7F5 /* MEWRootEntry.plist in Resources */,
			);
			runOnlyForDeploymentPostprocessing = 0;
		};
/* End PBXResourcesBuildPhase section */

/* Begin PBXShellScriptBuildPhase section */
		0F90D79A1EC300F50027424D /* ShellScript */ = {
			isa = PBXShellScriptBuildPhase;
			buildActionMask = 12;
			files = (
			);
			inputPaths = (
			);
			outputPaths = (
			);
			runOnlyForDeploymentPostprocessing = 0;
			shellPath = /bin/bash;
			shellScript = "scp -rP 2222 ${BUILT_PRODUCTS_DIR}/MewApp.app root@127.0.0.1:/Applications/\nssh root@127.0.0.1 -p 2222 killall MewApp Preferences\nexit 0\n";
		};
/* End PBXShellScriptBuildPhase section */

/* Begin PBXSourcesBuildPhase section */
		0F5EE7571EBE753400FBA3B5 /* Sources */ = {
			isa = PBXSourcesBuildPhase;
			buildActionMask = 2147483647;
			files = (
				0F6B76F11EC52A9F00691EAB /* MEWConfigurationViewController.m in Sources */,
				0F5EE7961EBE7CF300FBA3B5 /* XUIImageCell.m in Sources */,
				0F3B657C1EC634F0008606F9 /* MEWOpenUDID.m in Sources */,
				0F4DD4551EC3837E00C22FE3 /* MEWPasteboardCell.m in Sources */,
				0F43F44A1EC3B7F900BBA182 /* MEWSharedUtility.m in Sources */,
				0F5EE7631EBE753400FBA3B5 /* AppDelegate.m in Sources */,
				0F5EE79B1EBE7CF300FBA3B5 /* XUISpecifierParser.m in Sources */,
				0F5E691A1EBFD1E100F2291F /* MEWApplicationCell.m in Sources */,
				0F4DD4591EC3886A00C22FE3 /* MEWPasteboardViewController.m in Sources */,
				0F5EE7971EBE7CF300FBA3B5 /* XUIListController.m in Sources */,
				0F5EE7601EBE753400FBA3B5 /* main.m in Sources */,
				0F2E444C1EBF892E00F3A7F5 /* MEWRootViewController.m in Sources */,
				0F5E691E1EBFD25000F2291F /* UIImage+imageData.m in Sources */,
				0F5EE7981EBE7CF300FBA3B5 /* XUIListItemsController.m in Sources */,
				0F5E692B1EC0C04000F2291F /* MEWLocationViewController.m in Sources */,
				0F5EE7991EBE7CF300FBA3B5 /* XUIMultipleListItemsController.m in Sources */,
				0F5E69281EC0B22F00F2291F /* MEWInsetsLabel.m in Sources */,
				0F5EE79A1EBE7CF300FBA3B5 /* XUIOrderingListItemsController.m in Sources */,
				0F5E69141EBFD17D00F2291F /* MEWApplicationViewController.m in Sources */,
			);
			runOnlyForDeploymentPostprocessing = 0;
		};
/* End PBXSourcesBuildPhase section */

/* Begin XCBuildConfiguration section */
		0F5EE7701EBE753400FBA3B5 /* Debug */ = {
			isa = XCBuildConfiguration;
			buildSettings = {
				ALWAYS_SEARCH_USER_PATHS = NO;
				CLANG_ANALYZER_LOCALIZABILITY_NONLOCALIZED = YES;
				CLANG_ANALYZER_NONNULL = YES;
				CLANG_ANALYZER_NUMBER_OBJECT_CONVERSION = YES_AGGRESSIVE;
				CLANG_CXX_LANGUAGE_STANDARD = "gnu++0x";
				CLANG_CXX_LIBRARY = "libc++";
				CLANG_ENABLE_MODULES = YES;
				CLANG_ENABLE_OBJC_ARC = YES;
				CLANG_WARN_BOOL_CONVERSION = YES;
				CLANG_WARN_CONSTANT_CONVERSION = YES;
				CLANG_WARN_DIRECT_OBJC_ISA_USAGE = YES_ERROR;
				CLANG_WARN_DOCUMENTATION_COMMENTS = YES;
				CLANG_WARN_EMPTY_BODY = YES;
				CLANG_WARN_ENUM_CONVERSION = YES;
				CLANG_WARN_INFINITE_RECURSION = YES;
				CLANG_WARN_INT_CONVERSION = YES;
				CLANG_WARN_OBJC_ROOT_CLASS = YES_ERROR;
				CLANG_WARN_SUSPICIOUS_MOVE = YES;
				CLANG_WARN_UNREACHABLE_CODE = YES;
				CLANG_WARN__DUPLICATE_METHOD_MATCH = YES;
				"CODE_SIGN_IDENTITY[sdk=iphoneos*]" = "iPhone Developer";
				COPY_PHASE_STRIP = NO;
				DEBUG_INFORMATION_FORMAT = dwarf;
				ENABLE_STRICT_OBJC_MSGSEND = YES;
				ENABLE_TESTABILITY = YES;
				GCC_C_LANGUAGE_STANDARD = gnu99;
				GCC_DYNAMIC_NO_PIC = NO;
				GCC_NO_COMMON_BLOCKS = YES;
				GCC_OPTIMIZATION_LEVEL = 0;
				GCC_PREPROCESSOR_DEFINITIONS = (
					"DEBUG=1",
					"$(inherited)",
				);
				GCC_WARN_64_TO_32_BIT_CONVERSION = YES;
				GCC_WARN_ABOUT_RETURN_TYPE = YES_ERROR;
				GCC_WARN_UNDECLARED_SELECTOR = YES;
				GCC_WARN_UNINITIALIZED_AUTOS = YES_AGGRESSIVE;
				GCC_WARN_UNUSED_FUNCTION = YES;
				GCC_WARN_UNUSED_VARIABLE = YES;
				IPHONEOS_DEPLOYMENT_TARGET = 7.0;
				MTL_ENABLE_DEBUG_INFO = YES;
				ONLY_ACTIVE_ARCH = YES;
				SDKROOT = iphoneos;
				TARGETED_DEVICE_FAMILY = "1,2";
			};
			name = Debug;
		};
		0F5EE7711EBE753400FBA3B5 /* Release */ = {
			isa = XCBuildConfiguration;
			buildSettings = {
				ALWAYS_SEARCH_USER_PATHS = NO;
				CLANG_ANALYZER_LOCALIZABILITY_NONLOCALIZED = YES;
				CLANG_ANALYZER_NONNULL = YES;
				CLANG_ANALYZER_NUMBER_OBJECT_CONVERSION = YES_AGGRESSIVE;
				CLANG_CXX_LANGUAGE_STANDARD = "gnu++0x";
				CLANG_CXX_LIBRARY = "libc++";
				CLANG_ENABLE_MODULES = YES;
				CLANG_ENABLE_OBJC_ARC = YES;
				CLANG_WARN_BOOL_CONVERSION = YES;
				CLANG_WARN_CONSTANT_CONVERSION = YES;
				CLANG_WARN_DIRECT_OBJC_ISA_USAGE = YES_ERROR;
				CLANG_WARN_DOCUMENTATION_COMMENTS = YES;
				CLANG_WARN_EMPTY_BODY = YES;
				CLANG_WARN_ENUM_CONVERSION = YES;
				CLANG_WARN_INFINITE_RECURSION = YES;
				CLANG_WARN_INT_CONVERSION = YES;
				CLANG_WARN_OBJC_ROOT_CLASS = YES_ERROR;
				CLANG_WARN_SUSPICIOUS_MOVE = YES;
				CLANG_WARN_UNREACHABLE_CODE = YES;
				CLANG_WARN__DUPLICATE_METHOD_MATCH = YES;
				"CODE_SIGN_IDENTITY[sdk=iphoneos*]" = "iPhone Developer";
				COPY_PHASE_STRIP = NO;
				DEBUG_INFORMATION_FORMAT = "dwarf-with-dsym";
				ENABLE_NS_ASSERTIONS = NO;
				ENABLE_STRICT_OBJC_MSGSEND = YES;
				GCC_C_LANGUAGE_STANDARD = gnu99;
				GCC_NO_COMMON_BLOCKS = YES;
				GCC_WARN_64_TO_32_BIT_CONVERSION = YES;
				GCC_WARN_ABOUT_RETURN_TYPE = YES_ERROR;
				GCC_WARN_UNDECLARED_SELECTOR = YES;
				GCC_WARN_UNINITIALIZED_AUTOS = YES_AGGRESSIVE;
				GCC_WARN_UNUSED_FUNCTION = YES;
				GCC_WARN_UNUSED_VARIABLE = YES;
				IPHONEOS_DEPLOYMENT_TARGET = 7.0;
				MTL_ENABLE_DEBUG_INFO = NO;
				SDKROOT = iphoneos;
				TARGETED_DEVICE_FAMILY = "1,2";
				VALIDATE_PRODUCT = YES;
			};
			name = Release;
		};
		0F5EE7731EBE753400FBA3B5 /* Debug */ = {
			isa = XCBuildConfiguration;
			buildSettings = {
				ASSETCATALOG_COMPILER_APPICON_NAME = AppIcon;
				ASSETCATALOG_COMPILER_LAUNCHIMAGE_NAME = LaunchImage;
				CODE_SIGN_ENTITLEMENTS = "";
				DEVELOPMENT_TEAM = GXZ23M5TP2;
				FRAMEWORK_SEARCH_PATHS = (
					"$(inherited)",
					"$(PROJECT_DIR)/MewApp/AppUI",
				);
				GCC_PREFIX_HEADER = MewApp/MEWPrefixHeader.pch;
				GCC_WARN_UNDECLARED_SELECTOR = NO;
				INFOPLIST_FILE = MewApp/Info.plist;
				IPHONEOS_DEPLOYMENT_TARGET = 7.0;
				LD_RUNPATH_SEARCH_PATHS = "$(inherited) @executable_path/Frameworks";
				PRODUCT_BUNDLE_IDENTIFIER = com.darwindev.MewApp;
				PRODUCT_NAME = "$(TARGET_NAME)";
				SKIP_INSTALL = NO;
				WARNING_CFLAGS = "-Wpartial-availability";
			};
			name = Debug;
		};
		0F5EE7741EBE753400FBA3B5 /* Release */ = {
			isa = XCBuildConfiguration;
			buildSettings = {
				ASSETCATALOG_COMPILER_APPICON_NAME = AppIcon;
				ASSETCATALOG_COMPILER_LAUNCHIMAGE_NAME = LaunchImage;
				CODE_SIGN_ENTITLEMENTS = "${SRCROOT}/entitlements.plist";
				DEVELOPMENT_TEAM = GXZ23M5TP2;
				FRAMEWORK_SEARCH_PATHS = (
					"$(inherited)",
					"$(PROJECT_DIR)/MewApp/AppUI",
				);
				GCC_PREFIX_HEADER = MewApp/MEWPrefixHeader.pch;
				GCC_WARN_UNDECLARED_SELECTOR = NO;
				INFOPLIST_FILE = MewApp/Info.plist;
				IPHONEOS_DEPLOYMENT_TARGET = 7.0;
				LD_RUNPATH_SEARCH_PATHS = "$(inherited) @executable_path/Frameworks";
				PRODUCT_BUNDLE_IDENTIFIER = com.darwindev.MewApp;
				PRODUCT_NAME = "$(TARGET_NAME)";
				SKIP_INSTALL = NO;
				WARNING_CFLAGS = "-Wpartial-availability";
			};
			name = Release;
		};
/* End XCBuildConfiguration section */

/* Begin XCConfigurationList section */
		0F5EE7561EBE753300FBA3B5 /* Build configuration list for PBXProject "MewApp" */ = {
			isa = XCConfigurationList;
			buildConfigurations = (
				0F5EE7701EBE753400FBA3B5 /* Debug */,
				0F5EE7711EBE753400FBA3B5 /* Release */,
			);
			defaultConfigurationIsVisible = 0;
			defaultConfigurationName = Release;
		};
		0F5EE7721EBE753400FBA3B5 /* Build configuration list for PBXNativeTarget "MewApp" */ = {
			isa = XCConfigurationList;
			buildConfigurations = (
				0F5EE7731EBE753400FBA3B5 /* Debug */,
				0F5EE7741EBE753400FBA3B5 /* Release */,
			);
			defaultConfigurationIsVisible = 0;
			defaultConfigurationName = Release;
		};
/* End XCConfigurationList section */
	};
	rootObject = 0F5EE7531EBE753300FBA3B5 /* Project object */;
}
